
Microsoft Visual Studio Solution File, Format Version 12.00
# Visual Studio Version 16
VisualStudioVersion = 16.0.29709.97
MinimumVisualStudioVersion = 10.0.40219.1
Project("{FAE04EC0-301F-11D3-BF4B-00C04F79EFBC}") = "Pojiloy Calc", "Pojiloy Calc\Pojiloy Calc.csproj", "{CC3E4200-F19A-4970-9D47-78A99E4D01B3}"
EndProject
Global
	GlobalSection(SolutionConfigurationPlatforms) = preSolution
		Debug|Any CPU = Debug|Any CPU
		Release|Any CPU = Release|Any CPU
	EndGlobalSection
	GlobalSection(ProjectConfigurationPlatforms) = postSolution
		{CC3E4200-F19A-4970-9D47-78A99E4D01B3}.Debug|Any CPU.ActiveCfg = Debug|Any CPU
		{CC3E4200-F19A-4970-9D47-78A99E4D01B3}.Debug|Any CPU.Build.0 = Debug|Any CPU
		{CC3E4200-F19A-4970-9D47-78A99E4D01B3}.Release|Any CPU.ActiveCfg = Release|Any CPU
		{CC3E4200-F19A-4970-9D47-78A99E4D01B3}.Release|Any CPU.Build.0 = Release|Any CPU
	EndGlobalSection
	GlobalSection(SolutionProperties) = preSolution
		HideSolutionNode = FALSE
	EndGlobalSection
	GlobalSection(ExtensibilityGlobals) = postSolution
		SolutionGuid = {6E1D06C1-567C-425C-94DA-A0B55848D7FC}
	EndGlobalSection
EndGlobal
